// !$*UTF8*$!
{
	archiveVersion = 1;
	classes = {
	};
	objectVersion = 55;
	objects = {

/* Begin PBXBuildFile section */
		AC1DA23B2B46353000F57624 /* Hacker_News_Tests.swift in Sources */ = {isa = PBXBuildFile; fileRef = AC1DA23A2B46353000F57624 /* Hacker_News_Tests.swift */; };
		AC1DA2412B4635CD00F57624 /* 28669477.json in Resources */ = {isa = PBXBuildFile; fileRef = AC824A9E2701E952003776FF /* 28669477.json */; };
		AC1DA2422B4635CD00F57624 /* 28669472.json in Resources */ = {isa = PBXBuildFile; fileRef = AC824A9F2701E95F003776FF /* 28669472.json */; };
		AC1DA2432B4635CD00F57624 /* newstories.json in Resources */ = {isa = PBXBuildFile; fileRef = AC824A942701E7E8003776FF /* newstories.json */; };
		AC1DA2442B4635CD00F57624 /* 28669396.json in Resources */ = {isa = PBXBuildFile; fileRef = AC824AA32701E9B9003776FF /* 28669396.json */; };
		AC1DA2452B4635CD00F57624 /* 28669397.json in Resources */ = {isa = PBXBuildFile; fileRef = AC824AA22701E9AF003776FF /* 28669397.json */; };
		AC1DA2462B4635CD00F57624 /* 28669366.json in Resources */ = {isa = PBXBuildFile; fileRef = AC824AA52701E9CD003776FF /* 28669366.json */; };
		AC1DA2472B4635CD00F57624 /* 28669439.json in Resources */ = {isa = PBXBuildFile; fileRef = AC824AA12701E9A4003776FF /* 28669439.json */; };
		AC1DA2482B4635CD00F57624 /* 28669508.json in Resources */ = {isa = PBXBuildFile; fileRef = AC824A9D2701E943003776FF /* 28669508.json */; };
		AC1DA2492B4635CD00F57624 /* 28669514.json in Resources */ = {isa = PBXBuildFile; fileRef = AC824A9B2701E8FC003776FF /* 28669514.json */; };
		AC1DA24A2B4635CD00F57624 /* 28669353.json in Resources */ = {isa = PBXBuildFile; fileRef = AC824AA42701E9C3003776FF /* 28669353.json */; };
		AC1DA24B2B4635CD00F57624 /* 28669451.json in Resources */ = {isa = PBXBuildFile; fileRef = AC824AA02701E96C003776FF /* 28669451.json */; };
		AC1DA24C2B4635CD00F57624 /* 28669523.json in Resources */ = {isa = PBXBuildFile; fileRef = AC824A982701E8B4003776FF /* 28669523.json */; };
		AC1DA24D2B4635D500F57624 /* topstories.json in Resources */ = {isa = PBXBuildFile; fileRef = AC824A962701E84D003776FF /* topstories.json */; };
		AC1DA24E2B4635D500F57624 /* 28657797.json in Resources */ = {isa = PBXBuildFile; fileRef = AC824AB82701FAE1003776FF /* 28657797.json */; };
		AC1DA24F2B4635D500F57624 /* 28669178.json in Resources */ = {isa = PBXBuildFile; fileRef = AC824AB22701FA20003776FF /* 28669178.json */; };
		AC1DA2502B4635D500F57624 /* 28669098.json in Resources */ = {isa = PBXBuildFile; fileRef = AC824AB42701FA60003776FF /* 28669098.json */; };
		AC1DA2512B4635D500F57624 /* 28665918.json in Resources */ = {isa = PBXBuildFile; fileRef = AC824AC6270208B8003776FF /* 28665918.json */; };
		AC1DA2522B4635D500F57624 /* 28665256.json in Resources */ = {isa = PBXBuildFile; fileRef = AC824AB92701FB05003776FF /* 28665256.json */; };
		AC1DA2532B4635D500F57624 /* 28667439.json in Resources */ = {isa = PBXBuildFile; fileRef = AC824AB02701F9DA003776FF /* 28667439.json */; };
		AC1DA2542B4635D500F57624 /* 28663719.json in Resources */ = {isa = PBXBuildFile; fileRef = AC824AB72701FAB4003776FF /* 28663719.json */; };
		AC1DA2552B4635D500F57624 /* 28667174.json in Resources */ = {isa = PBXBuildFile; fileRef = AC824AB32701FA3E003776FF /* 28667174.json */; };
		AC1DA2562B4635D500F57624 /* 28669095.json in Resources */ = {isa = PBXBuildFile; fileRef = AC824ABA2701FB21003776FF /* 28669095.json */; };
		AC1DA2572B4635D500F57624 /* 28667359.json in Resources */ = {isa = PBXBuildFile; fileRef = AC824AB12701FA01003776FF /* 28667359.json */; };
		AC1DA2582B4635D500F57624 /* 28664802.json in Resources */ = {isa = PBXBuildFile; fileRef = AC824AB62701FA99003776FF /* 28664802.json */; };
		AC1DA25A2B481DC900F57624 /* StoryControllerProtocol.swift in Sources */ = {isa = PBXBuildFile; fileRef = AC1DA2592B481DC900F57624 /* StoryControllerProtocol.swift */; };
		AC1DA25C2B481E0600F57624 /* HackerNewsApiProtocol.swift in Sources */ = {isa = PBXBuildFile; fileRef = AC1DA25B2B481E0600F57624 /* HackerNewsApiProtocol.swift */; };
		AC1DA25E2B481E7900F57624 /* PersistenceControllerProtocol.swift in Sources */ = {isa = PBXBuildFile; fileRef = AC1DA25D2B481E7900F57624 /* PersistenceControllerProtocol.swift */; };
		AC824A392701C862003776FF /* Hacker_NewsApp.swift in Sources */ = {isa = PBXBuildFile; fileRef = AC824A382701C862003776FF /* Hacker_NewsApp.swift */; };
		AC824A402701C864003776FF /* Preview Assets.xcassets in Resources */ = {isa = PBXBuildFile; fileRef = AC824A3F2701C864003776FF /* Preview Assets.xcassets */; };
		AC824A712701C8AB003776FF /* HackerNewsAPI.swift in Sources */ = {isa = PBXBuildFile; fileRef = AC824A692701C8A4003776FF /* HackerNewsAPI.swift */; };
		AC824A732701C8BA003776FF /* StoryController.swift in Sources */ = {isa = PBXBuildFile; fileRef = AC824A632701C8A4003776FF /* StoryController.swift */; };
		AC824A742701C8BF003776FF /* PersistenceController.swift in Sources */ = {isa = PBXBuildFile; fileRef = AC824A642701C8A4003776FF /* PersistenceController.swift */; };
		AC824A752701C8C5003776FF /* SettingsModel.swift in Sources */ = {isa = PBXBuildFile; fileRef = AC824A662701C8A4003776FF /* SettingsModel.swift */; };
		AC824A772701C8CD003776FF /* StoryModel.swift in Sources */ = {isa = PBXBuildFile; fileRef = AC824A672701C8A4003776FF /* StoryModel.swift */; };
		AC824A792701C8D2003776FF /* StoryCellView.swift in Sources */ = {isa = PBXBuildFile; fileRef = AC824A6B2701C8A4003776FF /* StoryCellView.swift */; };
		AC824A7A2701C8D5003776FF /* TopBarOptionsView.swift in Sources */ = {isa = PBXBuildFile; fileRef = AC824A6C2701C8A4003776FF /* TopBarOptionsView.swift */; };
		AC824A7B2701C8D9003776FF /* StoryWebView.swift in Sources */ = {isa = PBXBuildFile; fileRef = AC824A6D2701C8A4003776FF /* StoryWebView.swift */; };
		AC824A7C2701C8DC003776FF /* WebView.swift in Sources */ = {isa = PBXBuildFile; fileRef = AC824A6E2701C8A4003776FF /* WebView.swift */; };
		AC824A7D2701C8DF003776FF /* ContentView.swift in Sources */ = {isa = PBXBuildFile; fileRef = AC824A6F2701C8A4003776FF /* ContentView.swift */; };
		AC824A7E2701C8E1003776FF /* TopBarStorySourceView.swift in Sources */ = {isa = PBXBuildFile; fileRef = AC824A702701C8A4003776FF /* TopBarStorySourceView.swift */; };
		AC824AC927031193003776FF /* Assets.xcassets in Resources */ = {isa = PBXBuildFile; fileRef = AC824A3C2701C864003776FF /* Assets.xcassets */; };
/* End PBXBuildFile section */

/* Begin PBXContainerItemProxy section */
		AC1DA23C2B46353000F57624 /* PBXContainerItemProxy */ = {
			isa = PBXContainerItemProxy;
			containerPortal = AC824A2D2701C862003776FF /* Project object */;
			proxyType = 1;
			remoteGlobalIDString = AC824A342701C862003776FF;
			remoteInfo = "Hacker News";
		};
/* End PBXContainerItemProxy section */

/* Begin PBXFileReference section */
		AC1DA2382B46352F00F57624 /* Hacker News Tests.xctest */ = {isa = PBXFileReference; explicitFileType = wrapper.cfbundle; includeInIndex = 0; path = "Hacker News Tests.xctest"; sourceTree = BUILT_PRODUCTS_DIR; };
		AC1DA23A2B46353000F57624 /* Hacker_News_Tests.swift */ = {isa = PBXFileReference; lastKnownFileType = sourcecode.swift; path = Hacker_News_Tests.swift; sourceTree = "<group>"; };
		AC1DA2592B481DC900F57624 /* StoryControllerProtocol.swift */ = {isa = PBXFileReference; lastKnownFileType = sourcecode.swift; path = StoryControllerProtocol.swift; sourceTree = "<group>"; };
		AC1DA25B2B481E0600F57624 /* HackerNewsApiProtocol.swift */ = {isa = PBXFileReference; lastKnownFileType = sourcecode.swift; path = HackerNewsApiProtocol.swift; sourceTree = "<group>"; };
		AC1DA25D2B481E7900F57624 /* PersistenceControllerProtocol.swift */ = {isa = PBXFileReference; lastKnownFileType = sourcecode.swift; path = PersistenceControllerProtocol.swift; sourceTree = "<group>"; };
		AC824A352701C862003776FF /* Hacker News.app */ = {isa = PBXFileReference; explicitFileType = wrapper.application; includeInIndex = 0; path = "Hacker News.app"; sourceTree = BUILT_PRODUCTS_DIR; };
		AC824A382701C862003776FF /* Hacker_NewsApp.swift */ = {isa = PBXFileReference; lastKnownFileType = sourcecode.swift; path = Hacker_NewsApp.swift; sourceTree = "<group>"; };
		AC824A3C2701C864003776FF /* Assets.xcassets */ = {isa = PBXFileReference; lastKnownFileType = folder.assetcatalog; name = Assets.xcassets; path = "Hacker News/Assets.xcassets"; sourceTree = SOURCE_ROOT; };
		AC824A3F2701C864003776FF /* Preview Assets.xcassets */ = {isa = PBXFileReference; lastKnownFileType = folder.assetcatalog; path = "Preview Assets.xcassets"; sourceTree = "<group>"; };
		AC824A632701C8A4003776FF /* StoryController.swift */ = {isa = PBXFileReference; lastKnownFileType = sourcecode.swift; path = StoryController.swift; sourceTree = "<group>"; };
		AC824A642701C8A4003776FF /* PersistenceController.swift */ = {isa = PBXFileReference; lastKnownFileType = sourcecode.swift; path = PersistenceController.swift; sourceTree = "<group>"; };
		AC824A662701C8A4003776FF /* SettingsModel.swift */ = {isa = PBXFileReference; lastKnownFileType = sourcecode.swift; path = SettingsModel.swift; sourceTree = "<group>"; };
		AC824A672701C8A4003776FF /* StoryModel.swift */ = {isa = PBXFileReference; lastKnownFileType = sourcecode.swift; path = StoryModel.swift; sourceTree = "<group>"; };
		AC824A692701C8A4003776FF /* HackerNewsAPI.swift */ = {isa = PBXFileReference; lastKnownFileType = sourcecode.swift; path = HackerNewsAPI.swift; sourceTree = "<group>"; };
		AC824A6B2701C8A4003776FF /* StoryCellView.swift */ = {isa = PBXFileReference; lastKnownFileType = sourcecode.swift; path = StoryCellView.swift; sourceTree = "<group>"; };
		AC824A6C2701C8A4003776FF /* TopBarOptionsView.swift */ = {isa = PBXFileReference; lastKnownFileType = sourcecode.swift; path = TopBarOptionsView.swift; sourceTree = "<group>"; };
		AC824A6D2701C8A4003776FF /* StoryWebView.swift */ = {isa = PBXFileReference; lastKnownFileType = sourcecode.swift; path = StoryWebView.swift; sourceTree = "<group>"; };
		AC824A6E2701C8A4003776FF /* WebView.swift */ = {isa = PBXFileReference; lastKnownFileType = sourcecode.swift; path = WebView.swift; sourceTree = "<group>"; };
		AC824A6F2701C8A4003776FF /* ContentView.swift */ = {isa = PBXFileReference; lastKnownFileType = sourcecode.swift; path = ContentView.swift; sourceTree = "<group>"; };
		AC824A702701C8A4003776FF /* TopBarStorySourceView.swift */ = {isa = PBXFileReference; lastKnownFileType = sourcecode.swift; path = TopBarStorySourceView.swift; sourceTree = "<group>"; };
		AC824A942701E7E8003776FF /* newstories.json */ = {isa = PBXFileReference; lastKnownFileType = text.json; path = newstories.json; sourceTree = "<group>"; };
		AC824A962701E84D003776FF /* topstories.json */ = {isa = PBXFileReference; lastKnownFileType = text.json; path = topstories.json; sourceTree = "<group>"; };
		AC824A982701E8B4003776FF /* 28669523.json */ = {isa = PBXFileReference; lastKnownFileType = text.json; path = 28669523.json; sourceTree = "<group>"; };
		AC824A9B2701E8FC003776FF /* 28669514.json */ = {isa = PBXFileReference; lastKnownFileType = text.json; path = 28669514.json; sourceTree = "<group>"; };
		AC824A9D2701E943003776FF /* 28669508.json */ = {isa = PBXFileReference; lastKnownFileType = text.json; path = 28669508.json; sourceTree = "<group>"; };
		AC824A9E2701E952003776FF /* 28669477.json */ = {isa = PBXFileReference; lastKnownFileType = text.json; path = 28669477.json; sourceTree = "<group>"; };
		AC824A9F2701E95F003776FF /* 28669472.json */ = {isa = PBXFileReference; lastKnownFileType = text.json; path = 28669472.json; sourceTree = "<group>"; };
		AC824AA02701E96C003776FF /* 28669451.json */ = {isa = PBXFileReference; lastKnownFileType = text.json; path = 28669451.json; sourceTree = "<group>"; };
		AC824AA12701E9A4003776FF /* 28669439.json */ = {isa = PBXFileReference; lastKnownFileType = text.json; path = 28669439.json; sourceTree = "<group>"; };
		AC824AA22701E9AF003776FF /* 28669397.json */ = {isa = PBXFileReference; lastKnownFileType = text.json; path = 28669397.json; sourceTree = "<group>"; };
		AC824AA32701E9B9003776FF /* 28669396.json */ = {isa = PBXFileReference; lastKnownFileType = text.json; path = 28669396.json; sourceTree = "<group>"; };
		AC824AA42701E9C3003776FF /* 28669353.json */ = {isa = PBXFileReference; lastKnownFileType = text.json; path = 28669353.json; sourceTree = "<group>"; };
		AC824AA52701E9CD003776FF /* 28669366.json */ = {isa = PBXFileReference; lastKnownFileType = text.json; path = 28669366.json; sourceTree = "<group>"; };
		AC824AB02701F9DA003776FF /* 28667439.json */ = {isa = PBXFileReference; lastKnownFileType = text.json; path = 28667439.json; sourceTree = "<group>"; };
		AC824AB12701FA01003776FF /* 28667359.json */ = {isa = PBXFileReference; lastKnownFileType = text.json; path = 28667359.json; sourceTree = "<group>"; };
		AC824AB22701FA20003776FF /* 28669178.json */ = {isa = PBXFileReference; lastKnownFileType = text.json; path = 28669178.json; sourceTree = "<group>"; };
		AC824AB32701FA3E003776FF /* 28667174.json */ = {isa = PBXFileReference; lastKnownFileType = text.json; path = 28667174.json; sourceTree = "<group>"; };
		AC824AB42701FA60003776FF /* 28669098.json */ = {isa = PBXFileReference; lastKnownFileType = text.json; path = 28669098.json; sourceTree = "<group>"; };
		AC824AB62701FA99003776FF /* 28664802.json */ = {isa = PBXFileReference; lastKnownFileType = text.json; path = 28664802.json; sourceTree = "<group>"; };
		AC824AB72701FAB4003776FF /* 28663719.json */ = {isa = PBXFileReference; lastKnownFileType = text.json; path = 28663719.json; sourceTree = "<group>"; };
		AC824AB82701FAE1003776FF /* 28657797.json */ = {isa = PBXFileReference; lastKnownFileType = text.json; path = 28657797.json; sourceTree = "<group>"; };
		AC824AB92701FB05003776FF /* 28665256.json */ = {isa = PBXFileReference; lastKnownFileType = text.json; path = 28665256.json; sourceTree = "<group>"; };
		AC824ABA2701FB21003776FF /* 28669095.json */ = {isa = PBXFileReference; lastKnownFileType = text.json; path = 28669095.json; sourceTree = "<group>"; };
		AC824AC6270208B8003776FF /* 28665918.json */ = {isa = PBXFileReference; lastKnownFileType = text.json; path = 28665918.json; sourceTree = "<group>"; };
		AC824AC82703114B003776FF /* Hacker-News-Info.plist */ = {isa = PBXFileReference; lastKnownFileType = text.plist; path = "Hacker-News-Info.plist"; sourceTree = SOURCE_ROOT; };
/* End PBXFileReference section */

/* Begin PBXFrameworksBuildPhase section */
		AC1DA2352B46352F00F57624 /* Frameworks */ = {
			isa = PBXFrameworksBuildPhase;
			buildActionMask = 2147483647;
			files = (
			);
			runOnlyForDeploymentPostprocessing = 0;
		};
		AC824A322701C862003776FF /* Frameworks */ = {
			isa = PBXFrameworksBuildPhase;
			buildActionMask = 2147483647;
			files = (
			);
			runOnlyForDeploymentPostprocessing = 0;
		};
/* End PBXFrameworksBuildPhase section */

/* Begin PBXGroup section */
		AC1DA2392B46353000F57624 /* Hacker News Tests */ = {
			isa = PBXGroup;
			children = (
				AC824AA62701EACA003776FF /* Top Stories JSON */,
				AC824A9A2701E8C5003776FF /* New Stories JSON */,
				AC1DA23A2B46353000F57624 /* Hacker_News_Tests.swift */,
			);
			path = "Hacker News Tests";
			sourceTree = "<group>";
		};
		AC1DA25F2B48EABD00F57624 /* Protocol */ = {
			isa = PBXGroup;
			children = (
				AC1DA2592B481DC900F57624 /* StoryControllerProtocol.swift */,
				AC1DA25D2B481E7900F57624 /* PersistenceControllerProtocol.swift */,
			);
			path = Protocol;
			sourceTree = "<group>";
		};
		AC1DA2602B48EAD300F57624 /* Protocol */ = {
			isa = PBXGroup;
			children = (
				AC1DA25B2B481E0600F57624 /* HackerNewsApiProtocol.swift */,
			);
			path = Protocol;
			sourceTree = "<group>";
		};
		AC824A2C2701C862003776FF = {
			isa = PBXGroup;
			children = (
				AC824A372701C862003776FF /* Hacker News */,
				AC1DA2392B46353000F57624 /* Hacker News Tests */,
				AC824A362701C862003776FF /* Products */,
			);
			sourceTree = "<group>";
		};
		AC824A362701C862003776FF /* Products */ = {
			isa = PBXGroup;
			children = (
				AC824A352701C862003776FF /* Hacker News.app */,
				AC1DA2382B46352F00F57624 /* Hacker News Tests.xctest */,
			);
			name = Products;
			sourceTree = "<group>";
		};
		AC824A372701C862003776FF /* Hacker News */ = {
			isa = PBXGroup;
			children = (
				AC824AC82703114B003776FF /* Hacker-News-Info.plist */,
				AC824A382701C862003776FF /* Hacker_NewsApp.swift */,
				AC824A652701C8A4003776FF /* Models */,
				AC824A6A2701C8A4003776FF /* Views */,
				AC824A622701C8A4003776FF /* Controllers */,
				AC824A682701C8A4003776FF /* API */,
				AC824A3C2701C864003776FF /* Assets.xcassets */,
				AC824A3E2701C864003776FF /* Preview Content */,
			);
			path = "Hacker News";
			sourceTree = "<group>";
		};
		AC824A3E2701C864003776FF /* Preview Content */ = {
			isa = PBXGroup;
			children = (
				AC824A3F2701C864003776FF /* Preview Assets.xcassets */,
			);
			path = "Preview Content";
			sourceTree = "<group>";
		};
		AC824A622701C8A4003776FF /* Controllers */ = {
			isa = PBXGroup;
			children = (
				AC1DA25F2B48EABD00F57624 /* Protocol */,
				AC824A632701C8A4003776FF /* StoryController.swift */,
				AC824A642701C8A4003776FF /* PersistenceController.swift */,
			);
			path = Controllers;
			sourceTree = "<group>";
		};
		AC824A652701C8A4003776FF /* Models */ = {
			isa = PBXGroup;
			children = (
				AC824A662701C8A4003776FF /* SettingsModel.swift */,
				AC824A672701C8A4003776FF /* StoryModel.swift */,
			);
			path = Models;
			sourceTree = "<group>";
		};
		AC824A682701C8A4003776FF /* API */ = {
			isa = PBXGroup;
			children = (
				AC1DA2602B48EAD300F57624 /* Protocol */,
				AC824A692701C8A4003776FF /* HackerNewsAPI.swift */,
			);
			path = API;
			sourceTree = "<group>";
		};
		AC824A6A2701C8A4003776FF /* Views */ = {
			isa = PBXGroup;
			children = (
				AC824A6F2701C8A4003776FF /* ContentView.swift */,
				AC824A6C2701C8A4003776FF /* TopBarOptionsView.swift */,
				AC824A702701C8A4003776FF /* TopBarStorySourceView.swift */,
				AC824A6B2701C8A4003776FF /* StoryCellView.swift */,
				AC824A6D2701C8A4003776FF /* StoryWebView.swift */,
				AC824A6E2701C8A4003776FF /* WebView.swift */,
			);
			path = Views;
			sourceTree = "<group>";
		};
		AC824A9A2701E8C5003776FF /* New Stories JSON */ = {
			isa = PBXGroup;
			children = (
				AC824A942701E7E8003776FF /* newstories.json */,
				AC824A9B2701E8FC003776FF /* 28669514.json */,
				AC824AA52701E9CD003776FF /* 28669366.json */,
				AC824AA42701E9C3003776FF /* 28669353.json */,
				AC824AA32701E9B9003776FF /* 28669396.json */,
				AC824AA22701E9AF003776FF /* 28669397.json */,
				AC824AA12701E9A4003776FF /* 28669439.json */,
				AC824A9D2701E943003776FF /* 28669508.json */,
				AC824A9E2701E952003776FF /* 28669477.json */,
				AC824A9F2701E95F003776FF /* 28669472.json */,
				AC824AA02701E96C003776FF /* 28669451.json */,
				AC824A982701E8B4003776FF /* 28669523.json */,
			);
			path = "New Stories JSON";
			sourceTree = "<group>";
		};
		AC824AA62701EACA003776FF /* Top Stories JSON */ = {
			isa = PBXGroup;
			children = (
				AC824A962701E84D003776FF /* topstories.json */,
				AC824AB12701FA01003776FF /* 28667359.json */,
				AC824AC6270208B8003776FF /* 28665918.json */,
				AC824ABA2701FB21003776FF /* 28669095.json */,
				AC824AB92701FB05003776FF /* 28665256.json */,
				AC824AB72701FAB4003776FF /* 28663719.json */,
				AC824AB82701FAE1003776FF /* 28657797.json */,
				AC824AB62701FA99003776FF /* 28664802.json */,
				AC824AB42701FA60003776FF /* 28669098.json */,
				AC824AB32701FA3E003776FF /* 28667174.json */,
				AC824AB22701FA20003776FF /* 28669178.json */,
				AC824AB02701F9DA003776FF /* 28667439.json */,
			);
			path = "Top Stories JSON";
			sourceTree = "<group>";
		};
/* End PBXGroup section */

/* Begin PBXNativeTarget section */
		AC1DA2372B46352F00F57624 /* Hacker News Tests */ = {
			isa = PBXNativeTarget;
			buildConfigurationList = AC1DA23E2B46353000F57624 /* Build configuration list for PBXNativeTarget "Hacker News Tests" */;
			buildPhases = (
				AC1DA2342B46352F00F57624 /* Sources */,
				AC1DA2352B46352F00F57624 /* Frameworks */,
				AC1DA2362B46352F00F57624 /* Resources */,
			);
			buildRules = (
			);
			dependencies = (
				AC1DA23D2B46353000F57624 /* PBXTargetDependency */,
			);
			name = "Hacker News Tests";
			productName = "Hacker News Tests";
			productReference = AC1DA2382B46352F00F57624 /* Hacker News Tests.xctest */;
			productType = "com.apple.product-type.bundle.unit-test";
		};
		AC824A342701C862003776FF /* Hacker News */ = {
			isa = PBXNativeTarget;
			buildConfigurationList = AC824A592701C864003776FF /* Build configuration list for PBXNativeTarget "Hacker News" */;
			buildPhases = (
				AC824A312701C862003776FF /* Sources */,
				AC824A322701C862003776FF /* Frameworks */,
				AC824A332701C862003776FF /* Resources */,
			);
			buildRules = (
			);
			dependencies = (
			);
			name = "Hacker News";
			productName = "Hacker News";
			productReference = AC824A352701C862003776FF /* Hacker News.app */;
			productType = "com.apple.product-type.application";
		};
/* End PBXNativeTarget section */

/* Begin PBXProject section */
		AC824A2D2701C862003776FF /* Project object */ = {
			isa = PBXProject;
			attributes = {
				BuildIndependentTargetsInParallel = 1;
				LastSwiftUpdateCheck = 1510;
				LastUpgradeCheck = 1510;
				TargetAttributes = {
					AC1DA2372B46352F00F57624 = {
						CreatedOnToolsVersion = 15.1;
						TestTargetID = AC824A342701C862003776FF;
					};
					AC824A342701C862003776FF = {
						CreatedOnToolsVersion = 13.0;
					};
				};
			};
			buildConfigurationList = AC824A302701C862003776FF /* Build configuration list for PBXProject "Hacker News" */;
			compatibilityVersion = "Xcode 13.0";
			developmentRegion = en;
			hasScannedForEncodings = 0;
			knownRegions = (
				en,
				Base,
			);
			mainGroup = AC824A2C2701C862003776FF;
			productRefGroup = AC824A362701C862003776FF /* Products */;
			projectDirPath = "";
			projectRoot = "";
			targets = (
				AC824A342701C862003776FF /* Hacker News */,
				AC1DA2372B46352F00F57624 /* Hacker News Tests */,
			);
		};
/* End PBXProject section */

/* Begin PBXResourcesBuildPhase section */
		AC1DA2362B46352F00F57624 /* Resources */ = {
			isa = PBXResourcesBuildPhase;
			buildActionMask = 2147483647;
			files = (
				AC1DA2412B4635CD00F57624 /* 28669477.json in Resources */,
				AC1DA2582B4635D500F57624 /* 28664802.json in Resources */,
				AC1DA2532B4635D500F57624 /* 28667439.json in Resources */,
				AC1DA24A2B4635CD00F57624 /* 28669353.json in Resources */,
				AC1DA24F2B4635D500F57624 /* 28669178.json in Resources */,
				AC1DA2512B4635D500F57624 /* 28665918.json in Resources */,
				AC1DA2482B4635CD00F57624 /* 28669508.json in Resources */,
				AC1DA24D2B4635D500F57624 /* topstories.json in Resources */,
				AC1DA2502B4635D500F57624 /* 28669098.json in Resources */,
				AC1DA2562B4635D500F57624 /* 28669095.json in Resources */,
				AC1DA2462B4635CD00F57624 /* 28669366.json in Resources */,
				AC1DA2452B4635CD00F57624 /* 28669397.json in Resources */,
				AC1DA2422B4635CD00F57624 /* 28669472.json in Resources */,
				AC1DA2552B4635D500F57624 /* 28667174.json in Resources */,
				AC1DA24C2B4635CD00F57624 /* 28669523.json in Resources */,
				AC1DA2522B4635D500F57624 /* 28665256.json in Resources */,
				AC1DA2572B4635D500F57624 /* 28667359.json in Resources */,
				AC1DA24E2B4635D500F57624 /* 28657797.json in Resources */,
				AC1DA2442B4635CD00F57624 /* 28669396.json in Resources */,
				AC1DA2492B4635CD00F57624 /* 28669514.json in Resources */,
				AC1DA2432B4635CD00F57624 /* newstories.json in Resources */,
				AC1DA24B2B4635CD00F57624 /* 28669451.json in Resources */,
				AC1DA2472B4635CD00F57624 /* 28669439.json in Resources */,
				AC1DA2542B4635D500F57624 /* 28663719.json in Resources */,
			);
			runOnlyForDeploymentPostprocessing = 0;
		};
		AC824A332701C862003776FF /* Resources */ = {
			isa = PBXResourcesBuildPhase;
			buildActionMask = 2147483647;
			files = (
				AC824AC927031193003776FF /* Assets.xcassets in Resources */,
				AC824A402701C864003776FF /* Preview Assets.xcassets in Resources */,
			);
			runOnlyForDeploymentPostprocessing = 0;
		};
/* End PBXResourcesBuildPhase section */

/* Begin PBXSourcesBuildPhase section */
		AC1DA2342B46352F00F57624 /* Sources */ = {
			isa = PBXSourcesBuildPhase;
			buildActionMask = 2147483647;
			files = (
				AC1DA23B2B46353000F57624 /* Hacker_News_Tests.swift in Sources */,
			);
			runOnlyForDeploymentPostprocessing = 0;
		};
		AC824A312701C862003776FF /* Sources */ = {
			isa = PBXSourcesBuildPhase;
			buildActionMask = 2147483647;
			files = (
				AC824A392701C862003776FF /* Hacker_NewsApp.swift in Sources */,
				AC824A7D2701C8DF003776FF /* ContentView.swift in Sources */,
				AC824A7C2701C8DC003776FF /* WebView.swift in Sources */,
				AC824A7A2701C8D5003776FF /* TopBarOptionsView.swift in Sources */,
				AC824A752701C8C5003776FF /* SettingsModel.swift in Sources */,
				AC824A732701C8BA003776FF /* StoryController.swift in Sources */,
				AC824A712701C8AB003776FF /* HackerNewsAPI.swift in Sources */,
				AC1DA25C2B481E0600F57624 /* HackerNewsApiProtocol.swift in Sources */,
				AC824A742701C8BF003776FF /* PersistenceController.swift in Sources */,
				AC824A792701C8D2003776FF /* StoryCellView.swift in Sources */,
				AC824A7B2701C8D9003776FF /* StoryWebView.swift in Sources */,
				AC1DA25E2B481E7900F57624 /* PersistenceControllerProtocol.swift in Sources */,
				AC824A772701C8CD003776FF /* StoryModel.swift in Sources */,
				AC1DA25A2B481DC900F57624 /* StoryControllerProtocol.swift in Sources */,
				AC824A7E2701C8E1003776FF /* TopBarStorySourceView.swift in Sources */,
			);
			runOnlyForDeploymentPostprocessing = 0;
		};
/* End PBXSourcesBuildPhase section */

/* Begin PBXTargetDependency section */
		AC1DA23D2B46353000F57624 /* PBXTargetDependency */ = {
			isa = PBXTargetDependency;
			target = AC824A342701C862003776FF /* Hacker News */;
			targetProxy = AC1DA23C2B46353000F57624 /* PBXContainerItemProxy */;
		};
/* End PBXTargetDependency section */

/* Begin XCBuildConfiguration section */
		AC1DA23F2B46353000F57624 /* Debug */ = {
			isa = XCBuildConfiguration;
			buildSettings = {
				ASSETCATALOG_COMPILER_GENERATE_SWIFT_ASSET_SYMBOL_EXTENSIONS = YES;
				BUNDLE_LOADER = "$(TEST_HOST)";
				CLANG_CXX_LANGUAGE_STANDARD = "gnu++20";
				CODE_SIGN_STYLE = Automatic;
				CURRENT_PROJECT_VERSION = 1;
				DEVELOPMENT_TEAM = Q5M44XYC56;
				ENABLE_USER_SCRIPT_SANDBOXING = YES;
				GCC_C_LANGUAGE_STANDARD = gnu17;
				GENERATE_INFOPLIST_FILE = YES;
				IPHONEOS_DEPLOYMENT_TARGET = 17.2;
				LOCALIZATION_PREFERS_STRING_CATALOGS = YES;
				MARKETING_VERSION = 1.0;
				PRODUCT_BUNDLE_IDENTIFIER = "jp.bitsbytes.Hacker-News-Tests";
				PRODUCT_NAME = "$(TARGET_NAME)";
				SWIFT_ACTIVE_COMPILATION_CONDITIONS = "DEBUG $(inherited)";
				SWIFT_EMIT_LOC_STRINGS = NO;
				SWIFT_VERSION = 5.0;
				TARGETED_DEVICE_FAMILY = "1,2";
				TEST_HOST = "$(BUILT_PRODUCTS_DIR)/Hacker News.app/$(BUNDLE_EXECUTABLE_FOLDER_PATH)/Hacker News";
			};
			name = Debug;
		};
		AC1DA2402B46353000F57624 /* Release */ = {
			isa = XCBuildConfiguration;
			buildSettings = {
				ASSETCATALOG_COMPILER_GENERATE_SWIFT_ASSET_SYMBOL_EXTENSIONS = YES;
				BUNDLE_LOADER = "$(TEST_HOST)";
				CLANG_CXX_LANGUAGE_STANDARD = "gnu++20";
				CODE_SIGN_STYLE = Automatic;
				CURRENT_PROJECT_VERSION = 1;
				DEVELOPMENT_TEAM = Q5M44XYC56;
				ENABLE_USER_SCRIPT_SANDBOXING = YES;
				GCC_C_LANGUAGE_STANDARD = gnu17;
				GENERATE_INFOPLIST_FILE = YES;
				IPHONEOS_DEPLOYMENT_TARGET = 17.2;
				LOCALIZATION_PREFERS_STRING_CATALOGS = YES;
				MARKETING_VERSION = 1.0;
				PRODUCT_BUNDLE_IDENTIFIER = "jp.bitsbytes.Hacker-News-Tests";
				PRODUCT_NAME = "$(TARGET_NAME)";
				SWIFT_EMIT_LOC_STRINGS = NO;
				SWIFT_VERSION = 5.0;
				TARGETED_DEVICE_FAMILY = "1,2";
				TEST_HOST = "$(BUILT_PRODUCTS_DIR)/Hacker News.app/$(BUNDLE_EXECUTABLE_FOLDER_PATH)/Hacker News";
			};
			name = Release;
		};
		AC824A572701C864003776FF /* Debug */ = {
			isa = XCBuildConfiguration;
			buildSettings = {
				ALWAYS_SEARCH_USER_PATHS = NO;
				ASSETCATALOG_COMPILER_GENERATE_SWIFT_ASSET_SYMBOL_EXTENSIONS = YES;
				CLANG_ANALYZER_NONNULL = YES;
				CLANG_ANALYZER_NUMBER_OBJECT_CONVERSION = YES_AGGRESSIVE;
				CLANG_CXX_LANGUAGE_STANDARD = "gnu++17";
				CLANG_CXX_LIBRARY = "libc++";
				CLANG_ENABLE_MODULES = YES;
				CLANG_ENABLE_OBJC_ARC = YES;
				CLANG_ENABLE_OBJC_WEAK = YES;
				CLANG_WARN_BLOCK_CAPTURE_AUTORELEASING = YES;
				CLANG_WARN_BOOL_CONVERSION = YES;
				CLANG_WARN_COMMA = YES;
				CLANG_WARN_CONSTANT_CONVERSION = YES;
				CLANG_WARN_DEPRECATED_OBJC_IMPLEMENTATIONS = YES;
				CLANG_WARN_DIRECT_OBJC_ISA_USAGE = YES_ERROR;
				CLANG_WARN_DOCUMENTATION_COMMENTS = YES;
				CLANG_WARN_EMPTY_BODY = YES;
				CLANG_WARN_ENUM_CONVERSION = YES;
				CLANG_WARN_INFINITE_RECURSION = YES;
				CLANG_WARN_INT_CONVERSION = YES;
				CLANG_WARN_NON_LITERAL_NULL_CONVERSION = YES;
				CLANG_WARN_OBJC_IMPLICIT_RETAIN_SELF = YES;
				CLANG_WARN_OBJC_LITERAL_CONVERSION = YES;
				CLANG_WARN_OBJC_ROOT_CLASS = YES_ERROR;
				CLANG_WARN_QUOTED_INCLUDE_IN_FRAMEWORK_HEADER = YES;
				CLANG_WARN_RANGE_LOOP_ANALYSIS = YES;
				CLANG_WARN_STRICT_PROTOTYPES = YES;
				CLANG_WARN_SUSPICIOUS_MOVE = YES;
				CLANG_WARN_UNGUARDED_AVAILABILITY = YES_AGGRESSIVE;
				CLANG_WARN_UNREACHABLE_CODE = YES;
				CLANG_WARN__DUPLICATE_METHOD_MATCH = YES;
				COPY_PHASE_STRIP = NO;
				DEBUG_INFORMATION_FORMAT = dwarf;
				ENABLE_STRICT_OBJC_MSGSEND = YES;
				ENABLE_TESTABILITY = YES;
				GCC_C_LANGUAGE_STANDARD = gnu11;
				GCC_DYNAMIC_NO_PIC = NO;
				GCC_NO_COMMON_BLOCKS = YES;
				GCC_OPTIMIZATION_LEVEL = 0;
				GCC_PREPROCESSOR_DEFINITIONS = (
					"DEBUG=1",
					"$(inherited)",
				);
				GCC_WARN_64_TO_32_BIT_CONVERSION = YES;
				GCC_WARN_ABOUT_RETURN_TYPE = YES_ERROR;
				GCC_WARN_UNDECLARED_SELECTOR = YES;
				GCC_WARN_UNINITIALIZED_AUTOS = YES_AGGRESSIVE;
				GCC_WARN_UNUSED_FUNCTION = YES;
				GCC_WARN_UNUSED_VARIABLE = YES;
				IPHONEOS_DEPLOYMENT_TARGET = 15.0;
				MTL_ENABLE_DEBUG_INFO = INCLUDE_SOURCE;
				MTL_FAST_MATH = YES;
				ONLY_ACTIVE_ARCH = YES;
				SDKROOT = iphoneos;
				SWIFT_ACTIVE_COMPILATION_CONDITIONS = DEBUG;
				SWIFT_OPTIMIZATION_LEVEL = "-Onone";
			};
			name = Debug;
		};
		AC824A582701C864003776FF /* Release */ = {
			isa = XCBuildConfiguration;
			buildSettings = {
				ALWAYS_SEARCH_USER_PATHS = NO;
				ASSETCATALOG_COMPILER_GENERATE_SWIFT_ASSET_SYMBOL_EXTENSIONS = YES;
				CLANG_ANALYZER_NONNULL = YES;
				CLANG_ANALYZER_NUMBER_OBJECT_CONVERSION = YES_AGGRESSIVE;
				CLANG_CXX_LANGUAGE_STANDARD = "gnu++17";
				CLANG_CXX_LIBRARY = "libc++";
				CLANG_ENABLE_MODULES = YES;
				CLANG_ENABLE_OBJC_ARC = YES;
				CLANG_ENABLE_OBJC_WEAK = YES;
				CLANG_WARN_BLOCK_CAPTURE_AUTORELEASING = YES;
				CLANG_WARN_BOOL_CONVERSION = YES;
				CLANG_WARN_COMMA = YES;
				CLANG_WARN_CONSTANT_CONVERSION = YES;
				CLANG_WARN_DEPRECATED_OBJC_IMPLEMENTATIONS = YES;
				CLANG_WARN_DIRECT_OBJC_ISA_USAGE = YES_ERROR;
				CLANG_WARN_DOCUMENTATION_COMMENTS = YES;
				CLANG_WARN_EMPTY_BODY = YES;
				CLANG_WARN_ENUM_CONVERSION = YES;
				CLANG_WARN_INFINITE_RECURSION = YES;
				CLANG_WARN_INT_CONVERSION = YES;
				CLANG_WARN_NON_LITERAL_NULL_CONVERSION = YES;
				CLANG_WARN_OBJC_IMPLICIT_RETAIN_SELF = YES;
				CLANG_WARN_OBJC_LITERAL_CONVERSION = YES;
				CLANG_WARN_OBJC_ROOT_CLASS = YES_ERROR;
				CLANG_WARN_QUOTED_INCLUDE_IN_FRAMEWORK_HEADER = YES;
				CLANG_WARN_RANGE_LOOP_ANALYSIS = YES;
				CLANG_WARN_STRICT_PROTOTYPES = YES;
				CLANG_WARN_SUSPICIOUS_MOVE = YES;
				CLANG_WARN_UNGUARDED_AVAILABILITY = YES_AGGRESSIVE;
				CLANG_WARN_UNREACHABLE_CODE = YES;
				CLANG_WARN__DUPLICATE_METHOD_MATCH = YES;
				COPY_PHASE_STRIP = NO;
				DEBUG_INFORMATION_FORMAT = "dwarf-with-dsym";
				ENABLE_NS_ASSERTIONS = NO;
				ENABLE_STRICT_OBJC_MSGSEND = YES;
				GCC_C_LANGUAGE_STANDARD = gnu11;
				GCC_NO_COMMON_BLOCKS = YES;
				GCC_WARN_64_TO_32_BIT_CONVERSION = YES;
				GCC_WARN_ABOUT_RETURN_TYPE = YES_ERROR;
				GCC_WARN_UNDECLARED_SELECTOR = YES;
				GCC_WARN_UNINITIALIZED_AUTOS = YES_AGGRESSIVE;
				GCC_WARN_UNUSED_FUNCTION = YES;
				GCC_WARN_UNUSED_VARIABLE = YES;
				IPHONEOS_DEPLOYMENT_TARGET = 15.0;
				MTL_ENABLE_DEBUG_INFO = NO;
				MTL_FAST_MATH = YES;
				SDKROOT = iphoneos;
				SWIFT_COMPILATION_MODE = wholemodule;
				SWIFT_OPTIMIZATION_LEVEL = "-O";
				VALIDATE_PRODUCT = YES;
			};
			name = Release;
		};
		AC824A5A2701C864003776FF /* Debug */ = {
			isa = XCBuildConfiguration;
			buildSettings = {
				ASSETCATALOG_COMPILER_APPICON_NAME = "AppIcon-gray";
				ASSETCATALOG_COMPILER_GLOBAL_ACCENT_COLOR_NAME = AccentColor;
				ASSETCATALOG_COMPILER_INCLUDE_ALL_APPICON_ASSETS = YES;
				CODE_SIGN_STYLE = Automatic;
				CURRENT_PROJECT_VERSION = 5;
				DEVELOPMENT_ASSET_PATHS = "\"Hacker News/Preview Content\"";
				DEVELOPMENT_TEAM = Q5M44XYC56;
				ENABLE_PREVIEWS = YES;
				GENERATE_INFOPLIST_FILE = YES;
				INFOPLIST_FILE = "Hacker-News-Info.plist";
				INFOPLIST_KEY_UIApplicationSceneManifest_Generation = YES;
				INFOPLIST_KEY_UIApplicationSupportsIndirectInputEvents = YES;
				INFOPLIST_KEY_UISupportedInterfaceOrientations = "UIInterfaceOrientationPortrait UIInterfaceOrientationLandscapeLeft UIInterfaceOrientationLandscapeRight";
				INFOPLIST_KEY_UISupportedInterfaceOrientations_iPad = "UIInterfaceOrientationPortrait UIInterfaceOrientationPortraitUpsideDown UIInterfaceOrientationLandscapeLeft UIInterfaceOrientationLandscapeRight";
				INFOPLIST_KEY_UISupportedInterfaceOrientations_iPhone = "UIInterfaceOrientationPortrait UIInterfaceOrientationLandscapeLeft UIInterfaceOrientationLandscapeRight";
				IPHONEOS_DEPLOYMENT_TARGET = 15.0;
				LD_RUNPATH_SEARCH_PATHS = (
					"$(inherited)",
					"@executable_path/Frameworks",
				);
				MARKETING_VERSION = 1.0;
				PRODUCT_BUNDLE_IDENTIFIER = "jp.bitsbytes.jp.Hacker-News";
				PRODUCT_NAME = "$(TARGET_NAME)";
				SWIFT_EMIT_LOC_STRINGS = YES;
				SWIFT_VERSION = 5.0;
				TARGETED_DEVICE_FAMILY = "1,2";
			};
			name = Debug;
		};
		AC824A5B2701C864003776FF /* Release */ = {
			isa = XCBuildConfiguration;
			buildSettings = {
				ASSETCATALOG_COMPILER_APPICON_NAME = "AppIcon-gray";
				ASSETCATALOG_COMPILER_GLOBAL_ACCENT_COLOR_NAME = AccentColor;
				ASSETCATALOG_COMPILER_INCLUDE_ALL_APPICON_ASSETS = YES;
				CODE_SIGN_STYLE = Automatic;
				CURRENT_PROJECT_VERSION = 5;
				DEVELOPMENT_ASSET_PATHS = "\"Hacker News/Preview Content\"";
				DEVELOPMENT_TEAM = Q5M44XYC56;
				ENABLE_PREVIEWS = YES;
				GENERATE_INFOPLIST_FILE = YES;
				INFOPLIST_FILE = "Hacker-News-Info.plist";
				INFOPLIST_KEY_UIApplicationSceneManifest_Generation = YES;
				INFOPLIST_KEY_UIApplicationSupportsIndirectInputEvents = YES;
				INFOPLIST_KEY_UISupportedInterfaceOrientations = "UIInterfaceOrientationPortrait UIInterfaceOrientationLandscapeLeft UIInterfaceOrientationLandscapeRight";
				INFOPLIST_KEY_UISupportedInterfaceOrientations_iPad = "UIInterfaceOrientationPortrait UIInterfaceOrientationPortraitUpsideDown UIInterfaceOrientationLandscapeLeft UIInterfaceOrientationLandscapeRight";
				INFOPLIST_KEY_UISupportedInterfaceOrientations_iPhone = "UIInterfaceOrientationPortrait UIInterfaceOrientationLandscapeLeft UIInterfaceOrientationLandscapeRight";
				IPHONEOS_DEPLOYMENT_TARGET = 15.0;
				LD_RUNPATH_SEARCH_PATHS = (
					"$(inherited)",
					"@executable_path/Frameworks",
				);
				MARKETING_VERSION = 1.0;
				PRODUCT_BUNDLE_IDENTIFIER = "jp.bitsbytes.Hacker-News";
				PRODUCT_NAME = "$(TARGET_NAME)";
				SWIFT_EMIT_LOC_STRINGS = YES;
				SWIFT_VERSION = 5.0;
				TARGETED_DEVICE_FAMILY = "1,2";
			};
			name = Release;
		};
/* End XCBuildConfiguration section */

/* Begin XCConfigurationList section */
		AC1DA23E2B46353000F57624 /* Build configuration list for PBXNativeTarget "Hacker News Tests" */ = {
			isa = XCConfigurationList;
			buildConfigurations = (
				AC1DA23F2B46353000F57624 /* Debug */,
				AC1DA2402B46353000F57624 /* Release */,
			);
			defaultConfigurationIsVisible = 0;
			defaultConfigurationName = Release;
		};
		AC824A302701C862003776FF /* Build configuration list for PBXProject "Hacker News" */ = {
			isa = XCConfigurationList;
			buildConfigurations = (
				AC824A572701C864003776FF /* Debug */,
				AC824A582701C864003776FF /* Release */,
			);
			defaultConfigurationIsVisible = 0;
			defaultConfigurationName = Release;
		};
		AC824A592701C864003776FF /* Build configuration list for PBXNativeTarget "Hacker News" */ = {
			isa = XCConfigurationList;
			buildConfigurations = (
				AC824A5A2701C864003776FF /* Debug */,
				AC824A5B2701C864003776FF /* Release */,
			);
			defaultConfigurationIsVisible = 0;
			defaultConfigurationName = Release;
		};
/* End XCConfigurationList section */
	};
	rootObject = AC824A2D2701C862003776FF /* Project object */;
}
